{
  "name": "@manyang/korean-analyzer",
  "version": "0.1.0",
  "lockfileVersion": 3,
  "requires": true,
  "packages": {
    "": {
      "name": "@manyang/korean-analyzer",
      "version": "0.1.0",
      "dependencies": {
        "kiwi-nlp": "^0.23.0"
      }
    },
    "node_modules/kiwi-nlp": {
      "version": "0.23.0",
      "resolved": "https://registry.npmjs.org/kiwi-nlp/-/kiwi-nlp-0.23.0.tgz",
      "integrity": "sha512-J/rizrydoxwD6kUnzOnWb6A3ALSDZphFmmC7XzWPb0ouXZZyhiWmgQTrI458V6KrkC21zg4G8CPew7rM0x1Cmw==",
      "license": "LGPL-2.1-or-later"
    }
  }
}
